
Microsoft Visual Studio Solution File, Format Version 12.00
# Visual Studio 15
VisualStudioVersion = 15.0.28307.438
MinimumVisualStudioVersion = 10.0.40219.1
Project("{FAE04EC0-301F-11D3-BF4B-00C04F79EFBC}") = "DealerOn-SalesTax", "DealerOn-SalesTax\DealerOn-SalesTax.csproj", "{A59FFEBF-F00B-4D78-BF9A-628792BD8090}"
EndProject
Project("{FAE04EC0-301F-11D3-BF4B-00C04F79EFBC}") = "DealerOn-SalesTax.Tests", "DealerOn-SalesTax.Tests\DealerOn-SalesTax.Tests.csproj", "{C0839524-446B-4F24-9D63-298F6AEC65B2}"
EndProject
Project("{FAE04EC0-301F-11D3-BF4B-00C04F79EFBC}") = "DealerOn-SalesTax.Business", "Business\DealerOn-SalesTax.Business.csproj", "{EC15FB0F-7948-4262-B04F-50E65672AB1D}"
EndProject
Global
	GlobalSection(SolutionConfigurationPlatforms) = preSolution
		Debug|Any CPU = Debug|Any CPU
		Release|Any CPU = Release|Any CPU
	EndGlobalSection
	GlobalSection(ProjectConfigurationPlatforms) = postSolution
		{A59FFEBF-F00B-4D78-BF9A-628792BD8090}.Debug|Any CPU.ActiveCfg = Debug|Any CPU
		{A59FFEBF-F00B-4D78-BF9A-628792BD8090}.Debug|Any CPU.Build.0 = Debug|Any CPU
		{A59FFEBF-F00B-4D78-BF9A-628792BD8090}.Release|Any CPU.ActiveCfg = Release|Any CPU
		{A59FFEBF-F00B-4D78-BF9A-628792BD8090}.Release|Any CPU.Build.0 = Release|Any CPU
		{C0839524-446B-4F24-9D63-298F6AEC65B2}.Debug|Any CPU.ActiveCfg = Debug|Any CPU
		{C0839524-446B-4F24-9D63-298F6AEC65B2}.Debug|Any CPU.Build.0 = Debug|Any CPU
		{C0839524-446B-4F24-9D63-298F6AEC65B2}.Release|Any CPU.ActiveCfg = Release|Any CPU
		{C0839524-446B-4F24-9D63-298F6AEC65B2}.Release|Any CPU.Build.0 = Release|Any CPU
		{EC15FB0F-7948-4262-B04F-50E65672AB1D}.Debug|Any CPU.ActiveCfg = Debug|Any CPU
		{EC15FB0F-7948-4262-B04F-50E65672AB1D}.Debug|Any CPU.Build.0 = Debug|Any CPU
		{EC15FB0F-7948-4262-B04F-50E65672AB1D}.Release|Any CPU.ActiveCfg = Release|Any CPU
		{EC15FB0F-7948-4262-B04F-50E65672AB1D}.Release|Any CPU.Build.0 = Release|Any CPU
	EndGlobalSection
	GlobalSection(SolutionProperties) = preSolution
		HideSolutionNode = FALSE
	EndGlobalSection
	GlobalSection(ExtensibilityGlobals) = postSolution
		SolutionGuid = {8A55E305-2F11-48D9-B333-801160CDDAE8}
	EndGlobalSection
EndGlobal
